
Microsoft Visual Studio Solution File, Format Version 12.00
# Visual Studio Version 17
VisualStudioVersion = 17.7.34031.279
MinimumVisualStudioVersion = 10.0.40219.1
Project("{FAE04EC0-301F-11D3-BF4B-00C04F79EFBC}") = "SoftitoProject-01", "SoftitoProject-01\SoftitoProject-01.csproj", "{D34C3992-742B-4A84-BF56-0DFC38E4C845}"
EndProject
Global
	GlobalSection(SolutionConfigurationPlatforms) = preSolution
		Debug|Any CPU = Debug|Any CPU
		Release|Any CPU = Release|Any CPU
	EndGlobalSection
	GlobalSection(ProjectConfigurationPlatforms) = postSolution
		{D34C3992-742B-4A84-BF56-0DFC38E4C845}.Debug|Any CPU.ActiveCfg = Debug|Any CPU
		{D34C3992-742B-4A84-BF56-0DFC38E4C845}.Debug|Any CPU.Build.0 = Debug|Any CPU
		{D34C3992-742B-4A84-BF56-0DFC38E4C845}.Release|Any CPU.ActiveCfg = Release|Any CPU
		{D34C3992-742B-4A84-BF56-0DFC38E4C845}.Release|Any CPU.Build.0 = Release|Any CPU
	EndGlobalSection
	GlobalSection(SolutionProperties) = preSolution
		HideSolutionNode = FALSE
	EndGlobalSection
	GlobalSection(ExtensibilityGlobals) = postSolution
		SolutionGuid = {C4A9DE69-13F6-4441-A438-CE08D6F91C43}
	EndGlobalSection
EndGlobal
